Microsoft Visual Studio Solution File, Format Version 12.00
# Visual Studio Version 17
VisualStudioVersion = 17.5.2.0
MinimumVisualStudioVersion = 10.0.40219.1
Project("{FAE04EC0-301F-11D3-BF4B-00C04F79EFBC}") = "Dashboard.Blazor", "Dashboard.Blazor\Dashboard.Blazor.csproj", "{1CBB7DCD-1550-FA3B-402F-47E014489D52}"
EndProject
Global
	GlobalSection(SolutionConfigurationPlatforms) = preSolution
		Debug|Any CPU = Debug|Any CPU
		Release|Any CPU = Release|Any CPU
	EndGlobalSection
	GlobalSection(ProjectConfigurationPlatforms) = postSolution
		{1CBB7DCD-1550-FA3B-402F-47E014489D52}.Debug|Any CPU.ActiveCfg = Debug|Any CPU
		{1CBB7DCD-1550-FA3B-402F-47E014489D52}.Debug|Any CPU.Build.0 = Debug|Any CPU
		{1CBB7DCD-1550-FA3B-402F-47E014489D52}.Release|Any CPU.ActiveCfg = Release|Any CPU
		{1CBB7DCD-1550-FA3B-402F-47E014489D52}.Release|Any CPU.Build.0 = Release|Any CPU
	EndGlobalSection
	GlobalSection(SolutionProperties) = preSolution
		HideSolutionNode = FALSE
	EndGlobalSection
	GlobalSection(ExtensibilityGlobals) = postSolution
		SolutionGuid = {56FAEC61-B1C2-485A-9538-5B86846474B4}
	EndGlobalSection
EndGlobal
